
Microsoft Visual Studio Solution File, Format Version 12.00
# Visual Studio Version 16
VisualStudioVersion = 16.0.34031.81
MinimumVisualStudioVersion = 10.0.40219.1
Project("{2150E333-8FDC-42A3-9474-1A3956D46DE8}") = "Task0", "Task0", "{B01536DD-DBBB-4D8B-ADED-64C1D72AE360}"
EndProject
Project("{FAE04EC0-301F-11D3-BF4B-00C04F79EFBC}") = "Tyuiu.VoroshilovNA.Sprint2.Task0.V8", "Tyuiu.VoroshilovNA.Sprint2.Task0.V8\Tyuiu.VoroshilovNA.Sprint2.Task0.V8.csproj", "{6D656F45-F0FA-4C8F-ACC2-7B2F5DBF3488}"
EndProject
Project("{FAE04EC0-301F-11D3-BF4B-00C04F79EFBC}") = "Tyuiu.VoroshilovNA.Sprint2.Task0.V8.Lib", "Tyuiu.VoroshilovNA.Sprint2.Task0.V8.Lib\Tyuiu.VoroshilovNA.Sprint2.Task0.V8.Lib.csproj", "{5514EB11-30FD-4744-AEE1-7228497B839A}"
EndProject
Project("{FAE04EC0-301F-11D3-BF4B-00C04F79EFBC}") = "Tyuiu.VoroshilovNA.Sprint2.Task0.V8.Test", "Tyuiu.VoroshilovNA.Sprint2.Task0.V8.Test\Tyuiu.VoroshilovNA.Sprint2.Task0.V8.Test.csproj", "{A91EB9BB-2833-479C-BB56-F452DF1BA2B2}"
EndProject
Project("{2150E333-8FDC-42A3-9474-1A3956D46DE8}") = "Task1", "Task1", "{CFA30AA9-929D-46CC-8A8E-83156CD990C0}"
EndProject
Project("{FAE04EC0-301F-11D3-BF4B-00C04F79EFBC}") = "Tyuiu.VoroshilovNA.Sprint2.Task1.V20", "Tyuiu.VoroshilovNA.Sprint2.Task1.V20\Tyuiu.VoroshilovNA.Sprint2.Task1.V20.csproj", "{B8772B21-F6C2-4F12-979D-52C1738948CC}"
EndProject
Project("{FAE04EC0-301F-11D3-BF4B-00C04F79EFBC}") = "Tyuiu.VoroshilovNA.Sprint2.Task1.V20.Lib", "Tyuiu.VoroshilovNA.Sprint2.Task1.V20.Lib\Tyuiu.VoroshilovNA.Sprint2.Task1.V20.Lib.csproj", "{B6F51C54-2957-47A7-9881-E4C32B80E6F3}"
EndProject
Project("{FAE04EC0-301F-11D3-BF4B-00C04F79EFBC}") = "Tyuiu.VoroshilovNA.Sprint2.Task1.V20.Test", "Tyuiu.VoroshilovNA.Sprint2.Task1.V20.Test\Tyuiu.VoroshilovNA.Sprint2.Task1.V20.Test.csproj", "{A7C783AD-16EB-4A52-9C70-AED504639455}"
EndProject
Project("{2150E333-8FDC-42A3-9474-1A3956D46DE8}") = "Task2", "Task2", "{454719F8-7A2D-40C2-A490-83D6A0CFB1C7}"
EndProject
Project("{FAE04EC0-301F-11D3-BF4B-00C04F79EFBC}") = "Tyuiu.VoroshilovNA.Sprint2.Task2.V26", "Tyuiu.VoroshilovNA.Sprint2.Task2.V26\Tyuiu.VoroshilovNA.Sprint2.Task2.V26.csproj", "{23919A89-D139-4F64-9899-41084B854ADC}"
EndProject
Project("{FAE04EC0-301F-11D3-BF4B-00C04F79EFBC}") = "Tyuiu.VoroshilovNA.Sprint2.Task2.V26.Lib", "Tyuiu.VoroshilovNA.Sprint2.Task2.V26.Lib\Tyuiu.VoroshilovNA.Sprint2.Task2.V26.Lib.csproj", "{E1B61FBC-515A-4F69-8CF2-CBBCCAC73C24}"
EndProject
Project("{FAE04EC0-301F-11D3-BF4B-00C04F79EFBC}") = "Tyuiu.VoroshilovNA.Sprint2.Task2.V26.Test", "Tyuiu.VoroshilovNA.Sprint2.Task2.V26.Test\Tyuiu.VoroshilovNA.Sprint2.Task2.V26.Test.csproj", "{367F5638-C07F-4920-B687-57C01B375085}"
EndProject
Project("{2150E333-8FDC-42A3-9474-1A3956D46DE8}") = "Task3", "Task3", "{41FC54D6-5C40-4E0D-8381-BA22B6F101F0}"
EndProject
Project("{FAE04EC0-301F-11D3-BF4B-00C04F79EFBC}") = "Tyuiu.VoroshilovNA.Sprint2.Task3.V7", "Tyuiu.VoroshilovNA.Sprint2.Task3.V7\Tyuiu.VoroshilovNA.Sprint2.Task3.V7.csproj", "{D20E4A45-CD2F-4815-9AD8-C0D4C8A99429}"
EndProject
Project("{FAE04EC0-301F-11D3-BF4B-00C04F79EFBC}") = "Tyuiu.VoroshilovNA.Sprint2.Task3.V7.Lib", "Tyuiu.VoroshilovNA.Sprint2.Task3.V7.Lib\Tyuiu.VoroshilovNA.Sprint2.Task3.V7.Lib.csproj", "{19432C02-46D8-4A82-8342-7FFF7C0E84DB}"
EndProject
Project("{FAE04EC0-301F-11D3-BF4B-00C04F79EFBC}") = "Tyuiu.VoroshilovNA.Sprint2.Task3.V7.Test", "Tyuiu.VoroshilovNA.Sprint2.Task3.V7.Test\Tyuiu.VoroshilovNA.Sprint2.Task3.V7.Test.csproj", "{85DEB7D3-D283-4506-B469-7D23870F9834}"
EndProject
Project("{2150E333-8FDC-42A3-9474-1A3956D46DE8}") = "Task4", "Task4", "{FD0DC759-88B0-4D0C-AF5B-232962491F51}"
EndProject
Project("{FAE04EC0-301F-11D3-BF4B-00C04F79EFBC}") = "Tyuiu.VoroshilovNA.Sprint2.Task4.V12", "Tyuiu.VoroshilovNA.Sprint2.Task4.V12\Tyuiu.VoroshilovNA.Sprint2.Task4.V12.csproj", "{838EECD5-F19F-427F-945D-D8D95DC9BCF6}"
EndProject
Project("{FAE04EC0-301F-11D3-BF4B-00C04F79EFBC}") = "Tyuiu.VoroshilovNA.Sprint2.Task4.V12.Lib", "Tyuiu.VoroshilovNA.Sprint2.Task4.V12.Lib\Tyuiu.VoroshilovNA.Sprint2.Task4.V12.Lib.csproj", "{73C31022-F2BC-44C0-BA74-6746D961FFD6}"
EndProject
Project("{FAE04EC0-301F-11D3-BF4B-00C04F79EFBC}") = "Tyuiu.VoroshilovNA.Sprint2.Task4.V12.Test", "Tyuiu.VoroshilovNA.Sprint2.Task4.V12.Test\Tyuiu.VoroshilovNA.Sprint2.Task4.V12.Test.csproj", "{B8AD1E54-2F78-434E-A3CF-D632B3C8135D}"
EndProject
Global
	GlobalSection(SolutionConfigurationPlatforms) = preSolution
		Debug|Any CPU = Debug|Any CPU
		Release|Any CPU = Release|Any CPU
	EndGlobalSection
	GlobalSection(ProjectConfigurationPlatforms) = postSolution
		{6D656F45-F0FA-4C8F-ACC2-7B2F5DBF3488}.Debug|Any CPU.ActiveCfg = Debug|Any CPU
		{6D656F45-F0FA-4C8F-ACC2-7B2F5DBF3488}.Debug|Any CPU.Build.0 = Debug|Any CPU
		{6D656F45-F0FA-4C8F-ACC2-7B2F5DBF3488}.Release|Any CPU.ActiveCfg = Release|Any CPU
		{6D656F45-F0FA-4C8F-ACC2-7B2F5DBF3488}.Release|Any CPU.Build.0 = Release|Any CPU
		{5514EB11-30FD-4744-AEE1-7228497B839A}.Debug|Any CPU.ActiveCfg = Debug|Any CPU
		{5514EB11-30FD-4744-AEE1-7228497B839A}.Debug|Any CPU.Build.0 = Debug|Any CPU
		{5514EB11-30FD-4744-AEE1-7228497B839A}.Release|Any CPU.ActiveCfg = Release|Any CPU
		{5514EB11-30FD-4744-AEE1-7228497B839A}.Release|Any CPU.Build.0 = Release|Any CPU
		{A91EB9BB-2833-479C-BB56-F452DF1BA2B2}.Debug|Any CPU.ActiveCfg = Debug|Any CPU
		{A91EB9BB-2833-479C-BB56-F452DF1BA2B2}.Debug|Any CPU.Build.0 = Debug|Any CPU
		{A91EB9BB-2833-479C-BB56-F452DF1BA2B2}.Release|Any CPU.ActiveCfg = Release|Any CPU
		{A91EB9BB-2833-479C-BB56-F452DF1BA2B2}.Release|Any CPU.Build.0 = Release|Any CPU
		{B8772B21-F6C2-4F12-979D-52C1738948CC}.Debug|Any CPU.ActiveCfg = Debug|Any CPU
		{B8772B21-F6C2-4F12-979D-52C1738948CC}.Debug|Any CPU.Build.0 = Debug|Any CPU
		{B8772B21-F6C2-4F12-979D-52C1738948CC}.Release|Any CPU.ActiveCfg = Release|Any CPU
		{B8772B21-F6C2-4F12-979D-52C1738948CC}.Release|Any CPU.Build.0 = Release|Any CPU
		{B6F51C54-2957-47A7-9881-E4C32B80E6F3}.Debug|Any CPU.ActiveCfg = Debug|Any CPU
		{B6F51C54-2957-47A7-9881-E4C32B80E6F3}.Debug|Any CPU.Build.0 = Debug|Any CPU
		{B6F51C54-2957-47A7-9881-E4C32B80E6F3}.Release|Any CPU.ActiveCfg = Release|Any CPU
		{B6F51C54-2957-47A7-9881-E4C32B80E6F3}.Release|Any CPU.Build.0 = Release|Any CPU
		{A7C783AD-16EB-4A52-9C70-AED504639455}.Debug|Any CPU.ActiveCfg = Debug|Any CPU
		{A7C783AD-16EB-4A52-9C70-AED504639455}.Debug|Any CPU.Build.0 = Debug|Any CPU
		{A7C783AD-16EB-4A52-9C70-AED504639455}.Release|Any CPU.ActiveCfg = Release|Any CPU
		{A7C783AD-16EB-4A52-9C70-AED504639455}.Release|Any CPU.Build.0 = Release|Any CPU
		{23919A89-D139-4F64-9899-41084B854ADC}.Debug|Any CPU.ActiveCfg = Debug|Any CPU
		{23919A89-D139-4F64-9899-41084B854ADC}.Debug|Any CPU.Build.0 = Debug|Any CPU
		{23919A89-D139-4F64-9899-41084B854ADC}.Release|Any CPU.ActiveCfg = Release|Any CPU
		{23919A89-D139-4F64-9899-41084B854ADC}.Release|Any CPU.Build.0 = Release|Any CPU
		{E1B61FBC-515A-4F69-8CF2-CBBCCAC73C24}.Debug|Any CPU.ActiveCfg = Debug|Any CPU
		{E1B61FBC-515A-4F69-8CF2-CBBCCAC73C24}.Debug|Any CPU.Build.0 = Debug|Any CPU
		{E1B61FBC-515A-4F69-8CF2-CBBCCAC73C24}.Release|Any CPU.ActiveCfg = Release|Any CPU
		{E1B61FBC-515A-4F69-8CF2-CBBCCAC73C24}.Release|Any CPU.Build.0 = Release|Any CPU
		{367F5638-C07F-4920-B687-57C01B375085}.Debug|Any CPU.ActiveCfg = Debug|Any CPU
		{367F5638-C07F-4920-B687-57C01B375085}.Debug|Any CPU.Build.0 = Debug|Any CPU
		{367F5638-C07F-4920-B687-57C01B375085}.Release|Any CPU.ActiveCfg = Release|Any CPU
		{367F5638-C07F-4920-B687-57C01B375085}.Release|Any CPU.Build.0 = Release|Any CPU
		{D20E4A45-CD2F-4815-9AD8-C0D4C8A99429}.Debug|Any CPU.ActiveCfg = Debug|Any CPU
		{D20E4A45-CD2F-4815-9AD8-C0D4C8A99429}.Debug|Any CPU.Build.0 = Debug|Any CPU
		{D20E4A45-CD2F-4815-9AD8-C0D4C8A99429}.Release|Any CPU.ActiveCfg = Release|Any CPU
		{D20E4A45-CD2F-4815-9AD8-C0D4C8A99429}.Release|Any CPU.Build.0 = Release|Any CPU
		{19432C02-46D8-4A82-8342-7FFF7C0E84DB}.Debug|Any CPU.ActiveCfg = Debug|Any CPU
		{19432C02-46D8-4A82-8342-7FFF7C0E84DB}.Debug|Any CPU.Build.0 = Debug|Any CPU
		{19432C02-46D8-4A82-8342-7FFF7C0E84DB}.Release|Any CPU.ActiveCfg = Release|Any CPU
		{19432C02-46D8-4A82-8342-7FFF7C0E84DB}.Release|Any CPU.Build.0 = Release|Any CPU
		{85DEB7D3-D283-4506-B469-7D23870F9834}.Debug|Any CPU.ActiveCfg = Debug|Any CPU
		{85DEB7D3-D283-4506-B469-7D23870F9834}.Debug|Any CPU.Build.0 = Debug|Any CPU
		{85DEB7D3-D283-4506-B469-7D23870F9834}.Release|Any CPU.ActiveCfg = Release|Any CPU
		{85DEB7D3-D283-4506-B469-7D23870F9834}.Release|Any CPU.Build.0 = Release|Any CPU
		{838EECD5-F19F-427F-945D-D8D95DC9BCF6}.Debug|Any CPU.ActiveCfg = Debug|Any CPU
		{838EECD5-F19F-427F-945D-D8D95DC9BCF6}.Debug|Any CPU.Build.0 = Debug|Any CPU
		{838EECD5-F19F-427F-945D-D8D95DC9BCF6}.Release|Any CPU.ActiveCfg = Release|Any CPU
		{838EECD5-F19F-427F-945D-D8D95DC9BCF6}.Release|Any CPU.Build.0 = Release|Any CPU
		{73C31022-F2BC-44C0-BA74-6746D961FFD6}.Debug|Any CPU.ActiveCfg = Debug|Any CPU
		{73C31022-F2BC-44C0-BA74-6746D961FFD6}.Debug|Any CPU.Build.0 = Debug|Any CPU
		{73C31022-F2BC-44C0-BA74-6746D961FFD6}.Release|Any CPU.ActiveCfg = Release|Any CPU
		{73C31022-F2BC-44C0-BA74-6746D961FFD6}.Release|Any CPU.Build.0 = Release|Any CPU
		{B8AD1E54-2F78-434E-A3CF-D632B3C8135D}.Debug|Any CPU.ActiveCfg = Debug|Any CPU
		{B8AD1E54-2F78-434E-A3CF-D632B3C8135D}.Debug|Any CPU.Build.0 = Debug|Any CPU
		{B8AD1E54-2F78-434E-A3CF-D632B3C8135D}.Release|Any CPU.ActiveCfg = Release|Any CPU
		{B8AD1E54-2F78-434E-A3CF-D632B3C8135D}.Release|Any CPU.Build.0 = Release|Any CPU
	EndGlobalSection
	GlobalSection(SolutionProperties) = preSolution
		HideSolutionNode = FALSE
	EndGlobalSection
	GlobalSection(NestedProjects) = preSolution
		{6D656F45-F0FA-4C8F-ACC2-7B2F5DBF3488} = {B01536DD-DBBB-4D8B-ADED-64C1D72AE360}
		{5514EB11-30FD-4744-AEE1-7228497B839A} = {B01536DD-DBBB-4D8B-ADED-64C1D72AE360}
		{A91EB9BB-2833-479C-BB56-F452DF1BA2B2} = {B01536DD-DBBB-4D8B-ADED-64C1D72AE360}
		{B8772B21-F6C2-4F12-979D-52C1738948CC} = {CFA30AA9-929D-46CC-8A8E-83156CD990C0}
		{B6F51C54-2957-47A7-9881-E4C32B80E6F3} = {CFA30AA9-929D-46CC-8A8E-83156CD990C0}
		{A7C783AD-16EB-4A52-9C70-AED504639455} = {CFA30AA9-929D-46CC-8A8E-83156CD990C0}
		{23919A89-D139-4F64-9899-41084B854ADC} = {454719F8-7A2D-40C2-A490-83D6A0CFB1C7}
		{E1B61FBC-515A-4F69-8CF2-CBBCCAC73C24} = {454719F8-7A2D-40C2-A490-83D6A0CFB1C7}
		{367F5638-C07F-4920-B687-57C01B375085} = {454719F8-7A2D-40C2-A490-83D6A0CFB1C7}
		{D20E4A45-CD2F-4815-9AD8-C0D4C8A99429} = {41FC54D6-5C40-4E0D-8381-BA22B6F101F0}
		{19432C02-46D8-4A82-8342-7FFF7C0E84DB} = {41FC54D6-5C40-4E0D-8381-BA22B6F101F0}
		{85DEB7D3-D283-4506-B469-7D23870F9834} = {41FC54D6-5C40-4E0D-8381-BA22B6F101F0}
		{838EECD5-F19F-427F-945D-D8D95DC9BCF6} = {FD0DC759-88B0-4D0C-AF5B-232962491F51}
		{73C31022-F2BC-44C0-BA74-6746D961FFD6} = {FD0DC759-88B0-4D0C-AF5B-232962491F51}
		{B8AD1E54-2F78-434E-A3CF-D632B3C8135D} = {FD0DC759-88B0-4D0C-AF5B-232962491F51}
	EndGlobalSection
	GlobalSection(ExtensibilityGlobals) = postSolution
		SolutionGuid = {74E0C2B6-AA35-43B2-8AA9-C9F8495277EF}
	EndGlobalSection
EndGlobal
